
Microsoft Visual Studio Solution File, Format Version 12.00
# Visual Studio Version 17
VisualStudioVersion = 17.2.32630.192
MinimumVisualStudioVersion = 10.0.40219.1
Project("{2150E333-8FDC-42A3-9474-1A3956D46DE8}") = "Tests", "Tests", "{00695DE3-B4A3-4272-9762-FA0B955FAD9D}"
EndProject
Project("{9A19103F-16F7-4668-BE54-9A1E7A4F7556}") = "Optivify.ServiceResult", "Optivify.ServiceResult\Optivify.ServiceResult.csproj", "{89469F86-BDF8-4DFC-A3BE-C531D5ACC398}"
EndProject
Project("{9A19103F-16F7-4668-BE54-9A1E7A4F7556}") = "Optivify.ServiceResult.AspNetCore", "Optivify.ServiceResult.AspNetCore\Optivify.ServiceResult.AspNetCore.csproj", "{FEBBD11D-1337-4CAC-BFE5-91A1C899794D}"
EndProject
Project("{9A19103F-16F7-4668-BE54-9A1E7A4F7556}") = "Optivify.ServiceResult.Tests", "Tests\Optivify.ServiceResult.Tests\Optivify.ServiceResult.Tests.csproj", "{479D282B-8331-4E59-A005-EFD847DFAED9}"
EndProject
Global
	GlobalSection(SolutionConfigurationPlatforms) = preSolution
		Debug|Any CPU = Debug|Any CPU
		Release|Any CPU = Release|Any CPU
	EndGlobalSection
	GlobalSection(ProjectConfigurationPlatforms) = postSolution
		{89469F86-BDF8-4DFC-A3BE-C531D5ACC398}.Debug|Any CPU.ActiveCfg = Debug|Any CPU
		{89469F86-BDF8-4DFC-A3BE-C531D5ACC398}.Debug|Any CPU.Build.0 = Debug|Any CPU
		{89469F86-BDF8-4DFC-A3BE-C531D5ACC398}.Release|Any CPU.ActiveCfg = Release|Any CPU
		{89469F86-BDF8-4DFC-A3BE-C531D5ACC398}.Release|Any CPU.Build.0 = Release|Any CPU
		{FEBBD11D-1337-4CAC-BFE5-91A1C899794D}.Debug|Any CPU.ActiveCfg = Debug|Any CPU
		{FEBBD11D-1337-4CAC-BFE5-91A1C899794D}.Debug|Any CPU.Build.0 = Debug|Any CPU
		{FEBBD11D-1337-4CAC-BFE5-91A1C899794D}.Release|Any CPU.ActiveCfg = Release|Any CPU
		{FEBBD11D-1337-4CAC-BFE5-91A1C899794D}.Release|Any CPU.Build.0 = Release|Any CPU
		{479D282B-8331-4E59-A005-EFD847DFAED9}.Debug|Any CPU.ActiveCfg = Debug|Any CPU
		{479D282B-8331-4E59-A005-EFD847DFAED9}.Debug|Any CPU.Build.0 = Debug|Any CPU
		{479D282B-8331-4E59-A005-EFD847DFAED9}.Release|Any CPU.ActiveCfg = Release|Any CPU
		{479D282B-8331-4E59-A005-EFD847DFAED9}.Release|Any CPU.Build.0 = Release|Any CPU
	EndGlobalSection
	GlobalSection(SolutionProperties) = preSolution
		HideSolutionNode = FALSE
	EndGlobalSection
	GlobalSection(NestedProjects) = preSolution
		{479D282B-8331-4E59-A005-EFD847DFAED9} = {00695DE3-B4A3-4272-9762-FA0B955FAD9D}
	EndGlobalSection
	GlobalSection(ExtensibilityGlobals) = postSolution
		SolutionGuid = {6DB11125-703D-47AC-A20D-F01571B26EC2}
	EndGlobalSection
EndGlobal
